{
  "name": "testing",
  "version": "1.0.0",
  "lockfileVersion": 3,
  "requires": true,
  "packages": {
    "": {
      "name": "testing",
      "version": "1.0.0",
      "license": "ISC",
      "dependencies": {
        "hypr-sdk": "^0.1.0"
      }
    },
    "node_modules/hypr-sdk": {
      "version": "0.1.0",
      "resolved": "https://registry.npmjs.org/hypr-sdk/-/hypr-sdk-0.1.0.tgz",
      "integrity": "sha512-iaQZIYY9DeyxEXYGmcCbYXwuhA6pfGIgh/0LeI1R0I+I9WN+Utld8n+U1W6rzPH87v9vEoAscgUCVLFeGzAQ0w==",
      "license": "MIT",
      "engines": {
        "node": ">=18.0.0"
      }
    }
  }
}
